
Microsoft Visual Studio Solution File, Format Version 12.00
# Visual Studio Version 16
VisualStudioVersion = 16.0.30907.101
MinimumVisualStudioVersion = 10.0.40219.1
Project("{FAE04EC0-301F-11D3-BF4B-00C04F79EFBC}") = "matrix_filter", "matrix_filter\matrix_filter.csproj", "{A9CFC6F3-5523-4CFD-84D9-E6E54A5F13F8}"
EndProject
Global
	GlobalSection(SolutionConfigurationPlatforms) = preSolution
		Debug|Any CPU = Debug|Any CPU
		Release|Any CPU = Release|Any CPU
	EndGlobalSection
	GlobalSection(ProjectConfigurationPlatforms) = postSolution
		{A9CFC6F3-5523-4CFD-84D9-E6E54A5F13F8}.Debug|Any CPU.ActiveCfg = Debug|Any CPU
		{A9CFC6F3-5523-4CFD-84D9-E6E54A5F13F8}.Debug|Any CPU.Build.0 = Debug|Any CPU
		{A9CFC6F3-5523-4CFD-84D9-E6E54A5F13F8}.Release|Any CPU.ActiveCfg = Release|Any CPU
		{A9CFC6F3-5523-4CFD-84D9-E6E54A5F13F8}.Release|Any CPU.Build.0 = Release|Any CPU
	EndGlobalSection
	GlobalSection(SolutionProperties) = preSolution
		HideSolutionNode = FALSE
	EndGlobalSection
	GlobalSection(ExtensibilityGlobals) = postSolution
		SolutionGuid = {CB90FC92-A65A-4D71-8332-54B794A0A67B}
	EndGlobalSection
EndGlobal
